
Microsoft Visual Studio Solution File, Format Version 12.00
# Visual Studio 2012
Project("{FAE04EC0-301F-11D3-BF4B-00C04F79EFBC}") = "Proyecto6", "Proyecto6\Proyecto6.csproj", "{36F2533A-10B6-4427-8840-66AD06E1CC77}"
EndProject
Global
	GlobalSection(SolutionConfigurationPlatforms) = preSolution
		Debug|Any CPU = Debug|Any CPU
		Release|Any CPU = Release|Any CPU
	EndGlobalSection
	GlobalSection(ProjectConfigurationPlatforms) = postSolution
		{36F2533A-10B6-4427-8840-66AD06E1CC77}.Debug|Any CPU.ActiveCfg = Debug|Any CPU
		{36F2533A-10B6-4427-8840-66AD06E1CC77}.Debug|Any CPU.Build.0 = Debug|Any CPU
		{36F2533A-10B6-4427-8840-66AD06E1CC77}.Release|Any CPU.ActiveCfg = Release|Any CPU
		{36F2533A-10B6-4427-8840-66AD06E1CC77}.Release|Any CPU.Build.0 = Release|Any CPU
	EndGlobalSection
	GlobalSection(SolutionProperties) = preSolution
		HideSolutionNode = FALSE
	EndGlobalSection
EndGlobal
