
Microsoft Visual Studio Solution File, Format Version 12.00
# Visual Studio 2012
Project("{FAE04EC0-301F-11D3-BF4B-00C04F79EFBC}") = "Practica37", "Practica37\Practica37.csproj", "{FCE990BB-9942-4E9A-8CFE-DCE005B5EADE}"
EndProject
Global
	GlobalSection(SolutionConfigurationPlatforms) = preSolution
		Debug|Any CPU = Debug|Any CPU
		Release|Any CPU = Release|Any CPU
	EndGlobalSection
	GlobalSection(ProjectConfigurationPlatforms) = postSolution
		{FCE990BB-9942-4E9A-8CFE-DCE005B5EADE}.Debug|Any CPU.ActiveCfg = Debug|Any CPU
		{FCE990BB-9942-4E9A-8CFE-DCE005B5EADE}.Debug|Any CPU.Build.0 = Debug|Any CPU
		{FCE990BB-9942-4E9A-8CFE-DCE005B5EADE}.Release|Any CPU.ActiveCfg = Release|Any CPU
		{FCE990BB-9942-4E9A-8CFE-DCE005B5EADE}.Release|Any CPU.Build.0 = Release|Any CPU
	EndGlobalSection
	GlobalSection(SolutionProperties) = preSolution
		HideSolutionNode = FALSE
	EndGlobalSection
EndGlobal
