
Microsoft Visual Studio Solution File, Format Version 12.00
# Visual Studio 2012
Project("{FAE04EC0-301F-11D3-BF4B-00C04F79EFBC}") = "Practica29", "Practica29\Practica29.csproj", "{9BC5B162-A0A9-410C-920E-1E3BF22F01BC}"
EndProject
Global
	GlobalSection(SolutionConfigurationPlatforms) = preSolution
		Debug|Any CPU = Debug|Any CPU
		Release|Any CPU = Release|Any CPU
	EndGlobalSection
	GlobalSection(ProjectConfigurationPlatforms) = postSolution
		{9BC5B162-A0A9-410C-920E-1E3BF22F01BC}.Debug|Any CPU.ActiveCfg = Debug|Any CPU
		{9BC5B162-A0A9-410C-920E-1E3BF22F01BC}.Debug|Any CPU.Build.0 = Debug|Any CPU
		{9BC5B162-A0A9-410C-920E-1E3BF22F01BC}.Release|Any CPU.ActiveCfg = Release|Any CPU
		{9BC5B162-A0A9-410C-920E-1E3BF22F01BC}.Release|Any CPU.Build.0 = Release|Any CPU
	EndGlobalSection
	GlobalSection(SolutionProperties) = preSolution
		HideSolutionNode = FALSE
	EndGlobalSection
EndGlobal
